
Microsoft Visual Studio Solution File, Format Version 12.00
# Visual Studio Version 16
VisualStudioVersion = 16.0.31205.134
MinimumVisualStudioVersion = 10.0.40219.1
Project("{9A19103F-16F7-4668-BE54-9A1E7A4F7556}") = "GY2021001WebApi", "GY2021001WebApi\GY2021001WebApi.csproj", "{3ED1BEC3-6CF0-4D9B-A57C-8FFA597B185C}"
EndProject
Project("{9A19103F-16F7-4668-BE54-9A1E7A4F7556}") = "GY2021001DAL", "GY2021001DAL\GY2021001DAL.csproj", "{7EBD4BDA-980B-4C7B-ADCF-25F96CB9D601}"
EndProject
Project("{9A19103F-16F7-4668-BE54-9A1E7A4F7556}") = "GY2021001BLL", "GY2021001BLL\GY2021001BLL.csproj", "{1B7DAC34-B117-4117-80CB-DCB353ACB852}"
EndProject
Project("{9A19103F-16F7-4668-BE54-9A1E7A4F7556}") = "Gy2021001Template", "Gy2021001Template\Gy2021001Template.csproj", "{6DA599E3-3D98-461F-ABBF-E58C52F0FA7B}"
EndProject
Project("{2150E333-8FDC-42A3-9474-1A3956D46DE8}") = "Solution Items", "Solution Items", "{7304B3F1-2398-45D0-AE47-2A17681103A0}"
	ProjectSection(SolutionItems) = preProject
		Mount.xlsx = Mount.xlsx
		Mount210521.xlsx = Mount210521.xlsx
		Notes.txt = Notes.txt
		纪要210420.txt = 纪要210420.txt
		纪要210508.txt = 纪要210508.txt
		纪要210514.txt = 纪要210514.txt
		纪要210526.txt = 纪要210526.txt
	EndProjectSection
EndProject
Project("{FAE04EC0-301F-11D3-BF4B-00C04F79EFBC}") = "Gy001Tools", "Gy001Tools\Gy001Tools.csproj", "{C2D1831F-5FF5-41A0-91E6-88370A7DF2E4}"
EndProject
Project("{2150E333-8FDC-42A3-9474-1A3956D46DE8}") = "数据层", "数据层", "{CA6CC6F6-6C68-4C3D-ACAC-C0604B899FB1}"
EndProject
Project("{2150E333-8FDC-42A3-9474-1A3956D46DE8}") = "逻辑层", "逻辑层", "{E4A88252-9E88-4A7B-8F6F-322EBCC014D7}"
EndProject
Project("{2150E333-8FDC-42A3-9474-1A3956D46DE8}") = "通讯层", "通讯层", "{260D5C05-2F1A-4BC2-852F-7E20AF1E30BF}"
EndProject
Project("{2150E333-8FDC-42A3-9474-1A3956D46DE8}") = "基础库", "基础库", "{0A0F3636-AD2E-4799-8B56-0B19DEFDDB4B}"
EndProject
Project("{9A19103F-16F7-4668-BE54-9A1E7A4F7556}") = "Gy001", "Gy001\Gy001.csproj", "{57503988-52A1-486B-8B31-BC861D86C088}"
EndProject
Project("{FAE04EC0-301F-11D3-BF4B-00C04F79EFBC}") = "OwGame", "OwGame\OwGame.csproj", "{AC21CDEC-8908-4634-A6E5-A42F60BA3F03}"
EndProject
Global
	GlobalSection(SolutionConfigurationPlatforms) = preSolution
		Debug|Any CPU = Debug|Any CPU
		Release|Any CPU = Release|Any CPU
	EndGlobalSection
	GlobalSection(ProjectConfigurationPlatforms) = postSolution
		{3ED1BEC3-6CF0-4D9B-A57C-8FFA597B185C}.Debug|Any CPU.ActiveCfg = Debug|Any CPU
		{3ED1BEC3-6CF0-4D9B-A57C-8FFA597B185C}.Debug|Any CPU.Build.0 = Debug|Any CPU
		{3ED1BEC3-6CF0-4D9B-A57C-8FFA597B185C}.Release|Any CPU.ActiveCfg = Release|Any CPU
		{3ED1BEC3-6CF0-4D9B-A57C-8FFA597B185C}.Release|Any CPU.Build.0 = Release|Any CPU
		{7EBD4BDA-980B-4C7B-ADCF-25F96CB9D601}.Debug|Any CPU.ActiveCfg = Debug|Any CPU
		{7EBD4BDA-980B-4C7B-ADCF-25F96CB9D601}.Debug|Any CPU.Build.0 = Debug|Any CPU
		{7EBD4BDA-980B-4C7B-ADCF-25F96CB9D601}.Release|Any CPU.ActiveCfg = Release|Any CPU
		{7EBD4BDA-980B-4C7B-ADCF-25F96CB9D601}.Release|Any CPU.Build.0 = Release|Any CPU
		{1B7DAC34-B117-4117-80CB-DCB353ACB852}.Debug|Any CPU.ActiveCfg = Debug|Any CPU
		{1B7DAC34-B117-4117-80CB-DCB353ACB852}.Debug|Any CPU.Build.0 = Debug|Any CPU
		{1B7DAC34-B117-4117-80CB-DCB353ACB852}.Release|Any CPU.ActiveCfg = Release|Any CPU
		{1B7DAC34-B117-4117-80CB-DCB353ACB852}.Release|Any CPU.Build.0 = Release|Any CPU
		{6DA599E3-3D98-461F-ABBF-E58C52F0FA7B}.Debug|Any CPU.ActiveCfg = Debug|Any CPU
		{6DA599E3-3D98-461F-ABBF-E58C52F0FA7B}.Debug|Any CPU.Build.0 = Debug|Any CPU
		{6DA599E3-3D98-461F-ABBF-E58C52F0FA7B}.Release|Any CPU.ActiveCfg = Release|Any CPU
		{6DA599E3-3D98-461F-ABBF-E58C52F0FA7B}.Release|Any CPU.Build.0 = Release|Any CPU
		{C2D1831F-5FF5-41A0-91E6-88370A7DF2E4}.Debug|Any CPU.ActiveCfg = Debug|Any CPU
		{C2D1831F-5FF5-41A0-91E6-88370A7DF2E4}.Debug|Any CPU.Build.0 = Debug|Any CPU
		{C2D1831F-5FF5-41A0-91E6-88370A7DF2E4}.Release|Any CPU.ActiveCfg = Release|Any CPU
		{C2D1831F-5FF5-41A0-91E6-88370A7DF2E4}.Release|Any CPU.Build.0 = Release|Any CPU
		{57503988-52A1-486B-8B31-BC861D86C088}.Debug|Any CPU.ActiveCfg = Debug|Any CPU
		{57503988-52A1-486B-8B31-BC861D86C088}.Debug|Any CPU.Build.0 = Debug|Any CPU
		{57503988-52A1-486B-8B31-BC861D86C088}.Release|Any CPU.ActiveCfg = Release|Any CPU
		{57503988-52A1-486B-8B31-BC861D86C088}.Release|Any CPU.Build.0 = Release|Any CPU
		{AC21CDEC-8908-4634-A6E5-A42F60BA3F03}.Debug|Any CPU.ActiveCfg = Debug|Any CPU
		{AC21CDEC-8908-4634-A6E5-A42F60BA3F03}.Debug|Any CPU.Build.0 = Debug|Any CPU
		{AC21CDEC-8908-4634-A6E5-A42F60BA3F03}.Release|Any CPU.ActiveCfg = Release|Any CPU
		{AC21CDEC-8908-4634-A6E5-A42F60BA3F03}.Release|Any CPU.Build.0 = Release|Any CPU
	EndGlobalSection
	GlobalSection(SolutionProperties) = preSolution
		HideSolutionNode = FALSE
	EndGlobalSection
	GlobalSection(NestedProjects) = preSolution
		{3ED1BEC3-6CF0-4D9B-A57C-8FFA597B185C} = {260D5C05-2F1A-4BC2-852F-7E20AF1E30BF}
		{7EBD4BDA-980B-4C7B-ADCF-25F96CB9D601} = {CA6CC6F6-6C68-4C3D-ACAC-C0604B899FB1}
		{1B7DAC34-B117-4117-80CB-DCB353ACB852} = {E4A88252-9E88-4A7B-8F6F-322EBCC014D7}
		{6DA599E3-3D98-461F-ABBF-E58C52F0FA7B} = {CA6CC6F6-6C68-4C3D-ACAC-C0604B899FB1}
		{57503988-52A1-486B-8B31-BC861D86C088} = {260D5C05-2F1A-4BC2-852F-7E20AF1E30BF}
		{AC21CDEC-8908-4634-A6E5-A42F60BA3F03} = {0A0F3636-AD2E-4799-8B56-0B19DEFDDB4B}
	EndGlobalSection
	GlobalSection(ExtensibilityGlobals) = postSolution
		SolutionGuid = {91C02B99-9124-4A09-9C66-0C5F2514C0CE}
	EndGlobalSection
EndGlobal
